
Microsoft Visual Studio Solution File, Format Version 12.00
# Visual Studio 15
Project("{FAE04EC0-301F-11D3-BF4B-00C04F79EFBC}") = "Assembly-CSharp", "Assembly-CSharp.csproj", "{6EE9EA0F-D2AB-B916-4127-8F61512EBAD7}"
EndProject
Project("{FAE04EC0-301F-11D3-BF4B-00C04F79EFBC}") = "Assembly-CSharp-Editor", "Assembly-CSharp-Editor.csproj", "{1EE7E529-65C7-09C8-CD3A-602A2B039E05}"
EndProject
Project("{FAE04EC0-301F-11D3-BF4B-00C04F79EFBC}") = "Assembly-CSharp", "Assembly-CSharp.Player.csproj", "{31AF39CA-B48C-423F-9567-E1091F459114}"
EndProject
Global
	GlobalSection(SolutionConfigurationPlatforms) = preSolution
		Debug|Any CPU = Debug|Any CPU
		Release|Any CPU = Release|Any CPU
	EndGlobalSection
	GlobalSection(ProjectConfigurationPlatforms) = postSolution
		{6EE9EA0F-D2AB-B916-4127-8F61512EBAD7}.Debug|Any CPU.ActiveCfg = Debug|Any CPU
		{6EE9EA0F-D2AB-B916-4127-8F61512EBAD7}.Debug|Any CPU.Build.0 = Debug|Any CPU
		{6EE9EA0F-D2AB-B916-4127-8F61512EBAD7}.Release|Any CPU.ActiveCfg = Release|Any CPU
		{6EE9EA0F-D2AB-B916-4127-8F61512EBAD7}.Release|Any CPU.Build.0 = Release|Any CPU
		{1EE7E529-65C7-09C8-CD3A-602A2B039E05}.Debug|Any CPU.ActiveCfg = Debug|Any CPU
		{1EE7E529-65C7-09C8-CD3A-602A2B039E05}.Debug|Any CPU.Build.0 = Debug|Any CPU
		{1EE7E529-65C7-09C8-CD3A-602A2B039E05}.Release|Any CPU.ActiveCfg = Release|Any CPU
		{1EE7E529-65C7-09C8-CD3A-602A2B039E05}.Release|Any CPU.Build.0 = Release|Any CPU
		{31AF39CA-B48C-423F-9567-E1091F459114}.Debug|Any CPU.ActiveCfg = Debug|Any CPU
		{31AF39CA-B48C-423F-9567-E1091F459114}.Debug|Any CPU.Build.0 = Debug|Any CPU
		{31AF39CA-B48C-423F-9567-E1091F459114}.Release|Any CPU.ActiveCfg = Release|Any CPU
		{31AF39CA-B48C-423F-9567-E1091F459114}.Release|Any CPU.Build.0 = Release|Any CPU
	EndGlobalSection
	GlobalSection(SolutionProperties) = preSolution
		HideSolutionNode = FALSE
	EndGlobalSection
EndGlobal
